
Microsoft Visual Studio Solution File, Format Version 12.00
# Visual Studio Version 17
VisualStudioVersion = 17.5.002.0
MinimumVisualStudioVersion = 10.0.40219.1
Project("{9A19103F-16F7-4668-BE54-9A1E7A4F7556}") = "ImitandoDory2", "ImitandoDory2.csproj", "{A0ABE60D-D552-4C53-BAA6-958D37CBF420}"
EndProject
Global
	GlobalSection(SolutionConfigurationPlatforms) = preSolution
		Debug|Any CPU = Debug|Any CPU
		Release|Any CPU = Release|Any CPU
	EndGlobalSection
	GlobalSection(ProjectConfigurationPlatforms) = postSolution
		{A0ABE60D-D552-4C53-BAA6-958D37CBF420}.Debug|Any CPU.ActiveCfg = Debug|Any CPU
		{A0ABE60D-D552-4C53-BAA6-958D37CBF420}.Debug|Any CPU.Build.0 = Debug|Any CPU
		{A0ABE60D-D552-4C53-BAA6-958D37CBF420}.Release|Any CPU.ActiveCfg = Release|Any CPU
		{A0ABE60D-D552-4C53-BAA6-958D37CBF420}.Release|Any CPU.Build.0 = Release|Any CPU
	EndGlobalSection
	GlobalSection(SolutionProperties) = preSolution
		HideSolutionNode = FALSE
	EndGlobalSection
	GlobalSection(ExtensibilityGlobals) = postSolution
		SolutionGuid = {7EC4C2E1-1931-4EE8-BD60-C7817425748A}
	EndGlobalSection
EndGlobal
